<?xml version="1.0" encoding="UTF-8"?>
<CONFIG>
  <ProjectOptions>
    <Version Value="12"/>
    <PathDelim Value="\"/>
    <General>
      <Flags>
        <CompatibilityMode Value="True"/>
      </Flags>
      <SessionStorage Value="InProjectDir"/>
      <Title Value="JoySave"/>
      <Scaled Value="True"/>
      <ResourceType Value="res"/>
      <UseXPManifest Value="True"/>
      <XPManifest>
        <DpiAware Value="True"/>
      </XPManifest>
      <Icon Value="0"/>
      <Resources Count="2">
        <Resource_0 FileName="sources.zip" Type="RCDATA" ResourceName="SOURCES"/>
        <Resource_1 FileName="openssl-1.0.2u-i386-win32.zip" Type="RCDATA" ResourceName="LIBS"/>
      </Resources>
    </General>
    <i18n>
      <EnableI18N LFM="False"/>
    </i18n>
    <VersionInfo>
      <UseVersionInfo Value="True"/>
      <MinorVersionNr Value="27"/>
      <Language Value="0419"/>
      <StringTable ProductName="JoySave"/>
    </VersionInfo>
    <BuildModes Count="1">
      <Item1 Name="Default" Default="True"/>
    </BuildModes>
    <PublishOptions>
      <Version Value="2"/>
    </PublishOptions>
    <RunParams>
      <FormatVersion Value="2"/>
      <Modes Count="1">
        <Mode0 Name="default"/>
      </Modes>
    </RunParams>
    <RequiredPackages Count="1">
      <Item1>
        <PackageName Value="LCL"/>
      </Item1>
    </RequiredPackages>
    <Units Count="2">
      <Unit0>
        <Filename Value="JoySave.lpr"/>
        <IsPartOfProject Value="True"/>
      </Unit0>
      <Unit1>
        <Filename Value="joysave_main.pas"/>
        <IsPartOfProject Value="True"/>
        <ComponentName Value="JoySaveMainForm"/>
        <HasResources Value="True"/>
        <ResourceBaseClass Value="Form"/>
      </Unit1>
    </Units>
  </ProjectOptions>
  <CompilerOptions>
    <Version Value="11"/>
    <PathDelim Value="\"/>
    <Target>
      <Filename Value="JoySave"/>
    </Target>
    <SearchPaths>
      <IncludeFiles Value="$(ProjOutDir)"/>
      <OtherUnitFiles Value="synapse40.1"/>
      <UnitOutputDirectory Value="lib\$(TargetCPU)-$(TargetOS)"/>
    </SearchPaths>
    <Linking>
      <Debugging>
        <UseExternalDbgSyms Value="True"/>
      </Debugging>
      <Options>
        <Win32>
          <GraphicApplication Value="True"/>
        </Win32>
      </Options>
    </Linking>
    <Other>
      <CustomOptions Value="-dUseCThreads"/>
      <OtherDefines Count="1">
        <Define0 Value="UseCThreads"/>
      </OtherDefines>
    </Other>
  </CompilerOptions>
  <Debugging>
    <Exceptions Count="3">
      <Item1>
        <Name Value="EAbort"/>
      </Item1>
      <Item2>
        <Name Value="ECodetoolError"/>
      </Item2>
      <Item3>
        <Name Value="EFOpenError"/>
      </Item3>
    </Exceptions>
  </Debugging>
</CONFIG>
